
Microsoft Visual Studio Solution File, Format Version 12.00
# Visual Studio Version 17
VisualStudioVersion = 17.2.32526.322
MinimumVisualStudioVersion = 10.0.40219.1
Project("{FAE04EC0-301F-11D3-BF4B-00C04F79EFBC}") = "Level 24 TicTacToe", "Level 24 TicTacToe\Level 24 TicTacToe.csproj", "{0A6B7E48-F4FF-4F9A-9989-B4933C14A249}"
EndProject
Global
	GlobalSection(SolutionConfigurationPlatforms) = preSolution
		Debug|Any CPU = Debug|Any CPU
		Release|Any CPU = Release|Any CPU
	EndGlobalSection
	GlobalSection(ProjectConfigurationPlatforms) = postSolution
		{0A6B7E48-F4FF-4F9A-9989-B4933C14A249}.Debug|Any CPU.ActiveCfg = Debug|Any CPU
		{0A6B7E48-F4FF-4F9A-9989-B4933C14A249}.Debug|Any CPU.Build.0 = Debug|Any CPU
		{0A6B7E48-F4FF-4F9A-9989-B4933C14A249}.Release|Any CPU.ActiveCfg = Release|Any CPU
		{0A6B7E48-F4FF-4F9A-9989-B4933C14A249}.Release|Any CPU.Build.0 = Release|Any CPU
	EndGlobalSection
	GlobalSection(SolutionProperties) = preSolution
		HideSolutionNode = FALSE
	EndGlobalSection
	GlobalSection(ExtensibilityGlobals) = postSolution
		SolutionGuid = {F53AECE5-608A-42AE-A426-024B9D3CD706}
	EndGlobalSection
EndGlobal
